# THIS IS AN AUTOGENERATED FILE. DO NOT EDIT THIS FILE DIRECTLY.
# yarn lockfile v1


"@types/prop-types@*":
  version "15.7.4"
  resolved "https://registry.yarnpkg.com/@types/prop-types/-/prop-types-15.7.4.tgz#fcf7205c25dff795ee79af1e30da2c9790808f11"
  integrity sha512-rZ5drC/jWjrArrS8BR6SIr4cWpW09RNTYt9AMZo3Jwwif+iacXAqgVjm0B0Bv/S1jhDXKHqRVNCbACkJ89RAnQ==

"@types/react-native-vector-icons@^6.4.6":
  version "6.4.8"
  resolved "https://registry.yarnpkg.com/@types/react-native-vector-icons/-/react-native-vector-icons-6.4.8.tgz#7dd9740f36a71e98c484b9ea12155940c85cedc2"
  integrity sha512-ImqhwVPHtcWrfwaS4vVrnN/C1mY50+Gjer4wMltUJlkt9pTJ5WXCyn8VFPmxC5h8Zy0DBN2tYdusBZ2xJP14OA==
  dependencies:
    "@types/react" "*"
    "@types/react-native" "*"

"@types/react-native@*":
  version "0.65.0"
  resolved "https://registry.yarnpkg.com/@types/react-native/-/react-native-0.65.0.tgz#bef9ca619f421abafae891ac0629e27cbfe63b42"
  integrity sha512-GgM6d47SQM9a6iOWKsdseFtTsKZGvmbr0FEaJMdCVy2SJmgtUq5JVpr3+aqHdrJQrg93e08VxPAWmz0qUtIPOg==
  dependencies:
    "@types/react" "*"

"@types/react@*":
  version "17.0.20"
  resolved "https://registry.yarnpkg.com/@types/react/-/react-17.0.20.tgz#a4284b184d47975c71658cd69e759b6bd37c3b8c"
  integrity sha512-wWZrPlihslrPpcKyCSlmIlruakxr57/buQN1RjlIeaaTWDLtJkTtRW429MoQJergvVKc4IWBpRhWw7YNh/7GVA==
  dependencies:
    "@types/prop-types" "*"
    "@types/scheduler" "*"
    csstype "^3.0.2"

"@types/scheduler@*":
  version "0.16.2"
  resolved "https://registry.yarnpkg.com/@types/scheduler/-/scheduler-0.16.2.tgz#1a62f89525723dde24ba1b01b092bf5df8ad4d39"
  integrity sha512-hppQEBDmlwhFAXKJX2KnWLYu5yMfi91yazPb2l+lbJiwW+wdo1gNeRA+3RgNSO39WYX2euey41KEwnqesU2Jew==

asap@~2.0.3:
  version "2.0.6"
  resolved "https://registry.yarnpkg.com/asap/-/asap-2.0.6.tgz#e50347611d7e690943208bbdafebcbc2fb866d46"
  integrity sha1-5QNHYR1+aQlDIIu9r+vLwvuGbUY=

clamp@^1.0.1:
  version "1.0.1"
  resolved "https://registry.yarnpkg.com/clamp/-/clamp-1.0.1.tgz#66a0e64011816e37196828fdc8c8c147312c8634"
  integrity sha1-ZqDmQBGBbjcZaCj9yMjBRzEshjQ=

color-convert@^1.9.3:
  version "1.9.3"
  resolved "https://registry.yarnpkg.com/color-convert/-/color-convert-1.9.3.tgz#bb71850690e1f136567de629d2d5471deda4c1e8"
  integrity sha512-QfAUtd+vFdAtFQcC8CCyYt1fYWxSqAiK2cSD6zDB8N3cpsEBAvRxp9zOGg6G/SHHJYAT88/az/IuDGALsNVbGg==
  dependencies:
    color-name "1.1.3"

color-name@1.1.3:
  version "1.1.3"
  resolved "https://registry.yarnpkg.com/color-name/-/color-name-1.1.3.tgz#a7d0558bd89c42f795dd42328f740831ca53bc25"
  integrity sha1-p9BVi9icQveV3UIyj3QIMcpTvCU=

color-name@^1.0.0:
  version "1.1.4"
  resolved "https://registry.yarnpkg.com/color-name/-/color-name-1.1.4.tgz#c2a09a87acbde69543de6f63fa3995c826c536a2"
  integrity sha512-dOy+3AuW3a2wNbZHIuMZpTcgjGuLU/uBL/ubcZF9OXbDo8ff4O8yVp5Bf0efS8uEoYo5q4Fx7dY9OgQGXgAsQA==

color-string@^1.6.0:
  version "1.6.0"
  resolved "https://registry.yarnpkg.com/color-string/-/color-string-1.6.0.tgz#c3915f61fe267672cb7e1e064c9d692219f6c312"
  integrity sha512-c/hGS+kRWJutUBEngKKmk4iH3sD59MBkoxVapS/0wgpCz2u7XsNloxknyvBhzwEs1IbV36D9PwqLPJ2DTu3vMA==
  dependencies:
    color-name "^1.0.0"
    simple-swizzle "^0.2.2"

color@^3.1.2:
  version "3.2.1"
  resolved "https://registry.yarnpkg.com/color/-/color-3.2.1.tgz#3544dc198caf4490c3ecc9a790b54fe9ff45e164"
  integrity sha512-aBl7dZI9ENN6fUGC7mWpMTPNHmWUSNan9tuWN6ahh5ZLNk9baLJOnSMlrQkHcrfFgz2/RigjUVAjdx36VcemKA==
  dependencies:
    color-convert "^1.9.3"
    color-string "^1.6.0"

core-js@^1.0.0:
  version "1.2.7"
  resolved "https://registry.yarnpkg.com/core-js/-/core-js-1.2.7.tgz#652294c14651db28fa93bd2d5ff2983a4f08c636"
  integrity sha1-ZSKUwUZR2yj6k70tX/KYOk8IxjY=

create-react-context@0.2.2:
  version "0.2.2"
  resolved "https://registry.yarnpkg.com/create-react-context/-/create-react-context-0.2.2.tgz#9836542f9aaa22868cd7d4a6f82667df38019dca"
  integrity sha512-KkpaLARMhsTsgp0d2NA/R94F/eDLbhXERdIq3LvX2biCAXcDvHYoOqHfWCHf1+OLj+HKBotLG3KqaOOf+C1C+A==
  dependencies:
    fbjs "^0.8.0"
    gud "^1.0.0"

csstype@^3.0.2:
  version "3.0.9"
  resolved "https://registry.yarnpkg.com/csstype/-/csstype-3.0.9.tgz#6410af31b26bd0520933d02cbc64fce9ce3fbf0b"
  integrity sha512-rpw6JPxK6Rfg1zLOYCSwle2GFOOsnjmDYDaBwEcwoOg4qlsIVCN789VkBZDJAGi4T07gI4YSutR43t9Zz4Lzuw==

debounce@^1.2.0:
  version "1.2.1"
  resolved "https://registry.yarnpkg.com/debounce/-/debounce-1.2.1.tgz#38881d8f4166a5c5848020c11827b834bcb3e0a5"
  integrity sha512-XRRe6Glud4rd/ZGQfiV1ruXSfbvfJedlV9Y6zOlP+2K04vBYiJEte6stfFkCP03aMnY5tsipamumUjL14fofug==

decode-uri-component@^0.2.0:
  version "0.2.0"
  resolved "https://registry.yarnpkg.com/decode-uri-component/-/decode-uri-component-0.2.0.tgz#eb3913333458775cb84cd1a1fae062106bb87545"
  integrity sha1-6zkTMzRYd1y4TNGh+uBiEGu4dUU=

deepmerge@^4.2.2:
  version "4.2.2"
  resolved "https://registry.yarnpkg.com/deepmerge/-/deepmerge-4.2.2.tgz#44d2ea3679b8f4d4ffba33f03d865fc1e7bf4955"
  integrity sha512-FJ3UgI4gIl+PHZm53knsuSFpE+nESMr7M4v9QcgB7S63Kj/6WqMiFQJpBBYz1Pt+66bZpP3Q7Lye0Oo9MPKEdg==

encoding@^0.1.11:
  version "0.1.13"
  resolved "https://registry.yarnpkg.com/encoding/-/encoding-0.1.13.tgz#56574afdd791f54a8e9b2785c0582a2d26210fa9"
  integrity sha512-ETBauow1T35Y/WZMkio9jiM0Z5xjHHmJ4XmjZOq1l/dXz3lr2sRn87nJy20RupqSh1F2m3HHPSp8ShIPQJrJ3A==
  dependencies:
    iconv-lite "^0.6.2"

fbjs@^0.8.0:
  version "0.8.17"
  resolved "https://registry.yarnpkg.com/fbjs/-/fbjs-0.8.17.tgz#c4d598ead6949112653d6588b01a5cdcd9f90fdd"
  integrity sha1-xNWY6taUkRJlPWWIsBpc3Nn5D90=
  dependencies:
    core-js "^1.0.0"
    isomorphic-fetch "^2.1.1"
    loose-envify "^1.0.0"
    object-assign "^4.1.0"
    promise "^7.1.1"
    setimmediate "^1.0.5"
    ua-parser-js "^0.7.18"

filter-obj@^1.1.0:
  version "1.1.0"
  resolved "https://registry.yarnpkg.com/filter-obj/-/filter-obj-1.1.0.tgz#9b311112bc6c6127a16e016c6c5d7f19e0805c5b"
  integrity sha1-mzERErxsYSehbgFsbF1/GeCAXFs=

gud@^1.0.0:
  version "1.0.0"
  resolved "https://registry.yarnpkg.com/gud/-/gud-1.0.0.tgz#a489581b17e6a70beca9abe3ae57de7a499852c0"
  integrity sha512-zGEOVKFM5sVPPrYs7J5/hYEw2Pof8KCyOwyhG8sAF26mCAeUFAcYPu1mwB7hhpIP29zOIBaDqwuHdLp0jvZXjw==

hoist-non-react-statics@^2.2.0, hoist-non-react-statics@^2.3.1, hoist-non-react-statics@^2.5.0:
  version "2.5.5"
  resolved "https://registry.yarnpkg.com/hoist-non-react-statics/-/hoist-non-react-statics-2.5.5.tgz#c5903cf409c0dfd908f388e619d86b9c1174cb47"
  integrity sha512-rqcy4pJo55FTTLWt+bU8ukscqHeE/e9KWvsOW2b/a3afxQZhwkQdT1rPPCJ0rYXdj4vNcasY8zHTH+jF/qStxw==

hoist-non-react-statics@^3.3.2:
  version "3.3.2"
  resolved "https://registry.yarnpkg.com/hoist-non-react-statics/-/hoist-non-react-statics-3.3.2.tgz#ece0acaf71d62c2969c2ec59feff42a4b1a85b45"
  integrity sha512-/gGivxi8JPKWNm/W0jSmzcMPpfpPLc3dY/6GxhX2hQ9iGj3aDfklV4ET7NjKpSinLpJ5vafa9iiGIEZg10SfBw==
  dependencies:
    react-is "^16.7.0"

iconv-lite@^0.6.2:
  version "0.6.3"
  resolved "https://registry.yarnpkg.com/iconv-lite/-/iconv-lite-0.6.3.tgz#a52f80bf38da1952eb5c681790719871a1a72501"
  integrity sha512-4fCk79wshMdzMp2rH06qWrJE4iolqLhCUH+OiuIgU++RB0+94NlDL81atO7GX55uUKueo0txHNtvEyI6D7WdMw==
  dependencies:
    safer-buffer ">= 2.1.2 < 3.0.0"

is-arrayish@^0.3.1:
  version "0.3.2"
  resolved "https://registry.yarnpkg.com/is-arrayish/-/is-arrayish-0.3.2.tgz#4574a2ae56f7ab206896fb431eaeed066fdf8f03"
  integrity sha512-eVRqCvVlZbuw3GrM63ovNSNAeA1K16kaR/LRY/92w0zxQ5/1YzwblUX652i4Xs9RwAGjW9d9y6X88t8OaAJfWQ==

is-stream@^1.0.1:
  version "1.1.0"
  resolved "https://registry.yarnpkg.com/is-stream/-/is-stream-1.1.0.tgz#12d4a3dd4e68e0b79ceb8dbc84173ae80d91ca44"
  integrity sha1-EtSj3U5o4Lec6428hBc66A2RykQ=

isarray@0.0.1:
  version "0.0.1"
  resolved "https://registry.yarnpkg.com/isarray/-/isarray-0.0.1.tgz#8a18acfca9a8f4177e09abfc6038939b05d1eedf"
  integrity sha1-ihis/Kmo9Bd+Cav8YDiTmwXR7t8=

isomorphic-fetch@^2.1.1:
  version "2.2.1"
  resolved "https://registry.yarnpkg.com/isomorphic-fetch/-/isomorphic-fetch-2.2.1.tgz#611ae1acf14f5e81f729507472819fe9733558a9"
  integrity sha1-YRrhrPFPXoH3KVB0coGf6XM1WKk=
  dependencies:
    node-fetch "^1.0.1"
    whatwg-fetch ">=0.10.0"

"js-tokens@^3.0.0 || ^4.0.0":
  version "4.0.0"
  resolved "https://registry.yarnpkg.com/js-tokens/-/js-tokens-4.0.0.tgz#19203fb59991df98e3a287050d4647cdeaf32499"
  integrity sha512-RdJUflcE3cUzKiMqQgsCu06FPu9UdIJO0beYbPhHN4k6apgJtifcoCtT9bcxOpYBtpD2kCM6Sbzg4CausW/PKQ==

lodash.isequal@^4.5.0:
  version "4.5.0"
  resolved "https://registry.yarnpkg.com/lodash.isequal/-/lodash.isequal-4.5.0.tgz#415c4478f2bcc30120c22ce10ed3226f7d3e18e0"
  integrity sha1-QVxEePK8wwEgwizhDtMib30+GOA=

lodash@^4.17.15:
  version "4.17.21"
  resolved "https://registry.yarnpkg.com/lodash/-/lodash-4.17.21.tgz#679591c564c3bffaae8454cf0b3df370c3d6911c"
  integrity sha512-v2kDEe57lecTulaDIuNTPy3Ry4gLGJ6Z1O3vE1krgXZNrsQ+LFTGHVxVjcXPs17LhbZVGedAJv8XZ1tvj5FvSg==

loose-envify@^1.0.0, loose-envify@^1.4.0:
  version "1.4.0"
  resolved "https://registry.yarnpkg.com/loose-envify/-/loose-envify-1.4.0.tgz#71ee51fa7be4caec1a63839f7e682d8132d30caf"
  integrity sha512-lyuxPGr/Wfhrlem2CL/UcnUc1zcqKAImBDzukY7Y5F/yQiNdko6+fRLevlw1HgMySw7f611UIY408EtxRSoK3Q==
  dependencies:
    js-tokens "^3.0.0 || ^4.0.0"

node-fetch@^1.0.1:
  version "1.7.3"
  resolved "https://registry.yarnpkg.com/node-fetch/-/node-fetch-1.7.3.tgz#980f6f72d85211a5347c6b2bc18c5b84c3eb47ef"
  integrity sha512-NhZ4CsKx7cYm2vSrBAr2PvFOe6sWDf0UYLRqA6svUYg7+/TSfVAu49jYC4BvQ4Sms9SZgdqGBgroqfDhJdTyKQ==
  dependencies:
    encoding "^0.1.11"
    is-stream "^1.0.1"

object-assign@^4.1.0, object-assign@^4.1.1:
  version "4.1.1"
  resolved "https://registry.yarnpkg.com/object-assign/-/object-assign-4.1.1.tgz#2109adc7965887cfc05cbbd442cac8bfbb360863"
  integrity sha1-IQmtx5ZYh8/AXLvUQsrIv7s2CGM=

opencollective-postinstall@^2.0.3:
  version "2.0.3"
  resolved "https://registry.yarnpkg.com/opencollective-postinstall/-/opencollective-postinstall-2.0.3.tgz#7a0fff978f6dbfa4d006238fbac98ed4198c3259"
  integrity sha512-8AV/sCtuzUeTo8gQK5qDZzARrulB3egtLzFgteqB2tcT4Mw7B8Kt7JcDHmltjz6FOAHsvTevk70gZEbhM4ZS9Q==

path-to-regexp@^1.7.0:
  version "1.8.0"
  resolved "https://registry.yarnpkg.com/path-to-regexp/-/path-to-regexp-1.8.0.tgz#887b3ba9d84393e87a0a0b9f4cb756198b53548a"
  integrity sha512-n43JRhlUKUAlibEJhPeir1ncUID16QnEjNpwzNdO3Lm4ywrBpBZ5oLD0I6br9evr1Y9JTqwRtAh7JLoOzAQdVA==
  dependencies:
    isarray "0.0.1"

promise@^7.1.1:
  version "7.3.1"
  resolved "https://registry.yarnpkg.com/promise/-/promise-7.3.1.tgz#064b72602b18f90f29192b8b1bc418ffd1ebd3bf"
  integrity sha512-nolQXZ/4L+bP/UGlkfaIujX9BKxGwmQ9OT4mOt5yvy8iK1h3wqTEJCijzGANTCCl9nWjY41juyAn2K3Q1hLLTg==
  dependencies:
    asap "~2.0.3"

prop-types@^15.6.0, prop-types@^15.6.1:
  version "15.7.2"
  resolved "https://registry.yarnpkg.com/prop-types/-/prop-types-15.7.2.tgz#52c41e75b8c87e72b9d9360e0206b99dcbffa6c5"
  integrity sha512-8QQikdH7//R2vurIJSutZ1smHYTcLpRWEOlHnzcWHmBYrOGUysKwSsrC89BCiFj3CbrfJ/nXFdJepOVrY1GCHQ==
  dependencies:
    loose-envify "^1.4.0"
    object-assign "^4.1.1"
    react-is "^16.8.1"

query-string@^6.1.0:
  version "6.14.1"
  resolved "https://registry.yarnpkg.com/query-string/-/query-string-6.14.1.tgz#7ac2dca46da7f309449ba0f86b1fd28255b0c86a"
  integrity sha512-XDxAeVmpfu1/6IjyT/gXHOl+S0vQ9owggJ30hhWKdHAsNPOcasn5o9BW0eejZqL2e4vMjhAxoW3jVHcD6mbcYw==
  dependencies:
    decode-uri-component "^0.2.0"
    filter-obj "^1.1.0"
    split-on-first "^1.0.0"
    strict-uri-encode "^2.0.0"

react-is@^16.7.0, react-is@^16.8.1:
  version "16.13.1"
  resolved "https://registry.yarnpkg.com/react-is/-/react-is-16.13.1.tgz#789729a4dc36de2999dc156dd6c1d9c18cea56a4"
  integrity sha512-24e6ynE2H+OKt4kqsOvNd8kBpV65zoxbA4BVsEOB3ARVWQki/DHzaUoC5KuON/BiccDaCCTZBuOcfZs70kR8bQ==

react-lifecycles-compat@^3, react-lifecycles-compat@^3.0.4:
  version "3.0.4"
  resolved "https://registry.yarnpkg.com/react-lifecycles-compat/-/react-lifecycles-compat-3.0.4.tgz#4f1a273afdfc8f3488a8c516bfda78f872352362"
  integrity sha512-fBASbA6LnOU9dOU2eW7aQ8xmYBSXUIWr+UmF9b1efZBazGNO+rcXT/icdKnYm2pTwcRylVUYwW7H1PHfLekVzA==

react-native-dismiss-keyboard@1.0.0:
  version "1.0.0"
  resolved "https://registry.yarnpkg.com/react-native-dismiss-keyboard/-/react-native-dismiss-keyboard-1.0.0.tgz#32886242b3f2317e121f3aeb9b0a585e2b879b49"
  integrity sha1-MohiQrPyMX4SHzrrmwpYXiuHm0k=

react-native-drawer-layout-polyfill@^1.3.2:
  version "1.3.2"
  resolved "https://registry.yarnpkg.com/react-native-drawer-layout-polyfill/-/react-native-drawer-layout-polyfill-1.3.2.tgz#192c84d7a5a6b8a6d2be2c7daa5e4164518d0cc7"
  integrity sha512-XzPhfLDJrYHru+e8+dFwhf0FtTeAp7JXPpFYezYV6P1nTeA1Tia/kDpFT+O2DWTrBKBEI8FGhZnThrroZmHIxg==
  dependencies:
    react-native-drawer-layout "1.3.2"

react-native-drawer-layout@1.3.2:
  version "1.3.2"
  resolved "https://registry.yarnpkg.com/react-native-drawer-layout/-/react-native-drawer-layout-1.3.2.tgz#b9740d7663a1dc4f88a61b9c6d93d2d948ea426e"
  integrity sha512-fjO0scqbJUfNu2wuEpvywL7DYLXuCXJ2W/zYhWz986rdLytidbys1QGVvkaszHrb4Y7OqO96mTkgpOcP8KWevw==
  dependencies:
    react-native-dismiss-keyboard "1.0.0"

react-native-elements@^3.4.2:
  version "3.4.2"
  resolved "https://registry.yarnpkg.com/react-native-elements/-/react-native-elements-3.4.2.tgz#66602be9c5e0e0a2a831913adec80ff6518d1ee2"
  integrity sha512-m0eAWOn7JuR1wNTNY0WHuaqst4LI/gFE4N5Bbyfsc4DiryWsMST7aAg5w/Gos4IexWIzhLKCIkPxthND1m/8Xg==
  dependencies:
    "@types/react-native-vector-icons" "^6.4.6"
    color "^3.1.2"
    deepmerge "^4.2.2"
    hoist-non-react-statics "^3.3.2"
    lodash.isequal "^4.5.0"
    opencollective-postinstall "^2.0.3"
    react-native-ratings "8.0.4"
    react-native-size-matters "^0.3.1"

react-native-linear-gradient@^2.5.6:
  version "2.5.6"
  resolved "https://registry.yarnpkg.com/react-native-linear-gradient/-/react-native-linear-gradient-2.5.6.tgz#96215cbc5ec7a01247a20890888aa75b834d44a0"
  integrity sha512-HDwEaXcQIuXXCV70O+bK1rizFong3wj+5Q/jSyifKFLg0VWF95xh8XQgfzXwtq0NggL9vNjPKXa016KuFu+VFg==

react-native-ratings@8.0.4:
  version "8.0.4"
  resolved "https://registry.yarnpkg.com/react-native-ratings/-/react-native-ratings-8.0.4.tgz#efd5ebad8acc08bf98d34d39b18fb7a6813ef991"
  integrity sha512-Xczu5lskIIRD6BEdz9A0jDRpEck/SFxRqiglkXi0u67yAtI1/pcJC76P4MukCbT8K4BPVl+42w83YqXBoBRl7A==
  dependencies:
    lodash "^4.17.15"

react-native-safe-area-view@0.11.0:
  version "0.11.0"
  resolved "https://registry.yarnpkg.com/react-native-safe-area-view/-/react-native-safe-area-view-0.11.0.tgz#4f3dda43c2bace37965e7c6aef5fc83d4f19d174"
  integrity sha512-N3nElaahu1Me2ltnfc9acpgt1znm6pi8DSadKy79kvdzKwvVIzw0IXueA/Hjr51eCW1BsfNw7D1SgBT9U6qEkA==
  dependencies:
    hoist-non-react-statics "^2.3.1"

react-native-screens@^1.0.0-alpha.11:
  version "1.0.0-alpha.23"
  resolved "https://registry.yarnpkg.com/react-native-screens/-/react-native-screens-1.0.0-alpha.23.tgz#25d7ea4d11bda4fcde2d1da7ae50271c6aa636e0"
  integrity sha512-tOxHGQUN83MTmQB4ghoQkibqOdGiX4JQEmeyEv96MKWO/x8T2PJv84ECUos9hD3blPRQwVwSpAid1PPPhrVEaw==
  dependencies:
    debounce "^1.2.0"

react-native-shadow-cards@^1.0.2:
  version "1.0.2"
  resolved "https://registry.yarnpkg.com/react-native-shadow-cards/-/react-native-shadow-cards-1.0.2.tgz#7c0f899ffa2f9143cee48d646ef87fd5c1384357"
  integrity sha512-cUk9+4T8XTwWPKJzLxmnFia9i0m5PWdLPrtGiShVH5vVH48TZ/8JLBzsUe50tfzTxvMWPvQM1vZE8Sytfj1mjw==

react-native-size-matters@^0.3.1:
  version "0.3.1"
  resolved "https://registry.yarnpkg.com/react-native-size-matters/-/react-native-size-matters-0.3.1.tgz#24d0cfc335a2c730f6d58bd7b43ea5a41be4b49f"
  integrity sha512-mKOfBLIBFBcs9br1rlZDvxD5+mAl8Gfr5CounwJtxI6Z82rGrMO+Kgl9EIg3RMVf3G855a85YVqHJL2f5EDRlw==

react-native-tab-view@^0.0.77:
  version "0.0.77"
  resolved "https://registry.yarnpkg.com/react-native-tab-view/-/react-native-tab-view-0.0.77.tgz#11ceb8e7c23100d07e628dc151b57797524d00d4"
  integrity sha512-9vjD4Ly1Zlum1Y4g23ODpi/F3gYIUIsKWrsZO/Oh5cuX1eiB1DRVn11nY1z+j/hsQfhfyW6nDlmySyDvYQvYCA==
  dependencies:
    prop-types "^15.6.0"

react-native-tab-view@^1.0.0:
  version "1.4.1"
  resolved "https://registry.yarnpkg.com/react-native-tab-view/-/react-native-tab-view-1.4.1.tgz#f113cd87485808f0c991abec937f70fa380478b9"
  integrity sha512-Bke8KkDcDhvB/z0AS7MnQKMD2p6Kwfc1rSKlMOvg9CC5CnClQ2QEnhPSbwegKDYhUkBI92iH/BYy7hNSm5kbUQ==
  dependencies:
    prop-types "^15.6.1"

react-navigation-deprecated-tab-navigator@1.3.0:
  version "1.3.0"
  resolved "https://registry.yarnpkg.com/react-navigation-deprecated-tab-navigator/-/react-navigation-deprecated-tab-navigator-1.3.0.tgz#015dcae1e977b984ca7e99245261c15439026bb7"
  integrity sha512-Cm+qYOPFWbvvcuv0YYX0ioYwLGgw7XAqdhAfpo3sIr3trxRW8871ePmfFOPezjQtz4v6ItjZt6LPgtBAVZoroQ==
  dependencies:
    react-native-tab-view "^0.0.77"

react-navigation-drawer@0.5.0:
  version "0.5.0"
  resolved "https://registry.yarnpkg.com/react-navigation-drawer/-/react-navigation-drawer-0.5.0.tgz#d91b6a6ec65c34ba78c00f814b1e6508922cc9ec"
  integrity sha512-F1y593uC6pqBMGH+Omz75oNODEbxB/s0EGO8QtYwu1NmOOEUuuLA+c14zm+pgMsI4HlDabiHxPkWqsgGz25xVQ==
  dependencies:
    react-native-drawer-layout-polyfill "^1.3.2"

react-navigation-stack@0.7.0:
  version "0.7.0"
  resolved "https://registry.yarnpkg.com/react-navigation-stack/-/react-navigation-stack-0.7.0.tgz#0b2f139ee1cba953037ef51353df992ec6c74fa2"
  integrity sha512-3Tbb/SsustBrM9R/qaI6XuOfyqYMVbwkeHFC8NbU890vB0aKZvjAtioWLZ18e/4LgbiOCmoTdp37z3gkGDyNDQ==

react-navigation-tabs@0.8.4:
  version "0.8.4"
  resolved "https://registry.yarnpkg.com/react-navigation-tabs/-/react-navigation-tabs-0.8.4.tgz#aa767f28b899f13c99f2b034b4a665f8cf0a5737"
  integrity sha512-CbS3xIVJVtpu+AYslv0PMLmjddJFVtU3XAhSJ9XnMrKLUJNmnQdW/L0w/Gp5qcBEF9h6bgsY3CoTtp7I6bqyOQ==
  dependencies:
    hoist-non-react-statics "^2.5.0"
    prop-types "^15.6.1"
    react-lifecycles-compat "^3.0.4"
    react-native-tab-view "^1.0.0"

react-navigation@2.18.1:
  version "2.18.1"
  resolved "https://registry.yarnpkg.com/react-navigation/-/react-navigation-2.18.1.tgz#0aadd405ba1f04135701e75aadd29814678c3ba4"
  integrity sha512-ywbSy6no6Edx5Ltbk/nIAjikYB9uUXEQvw+cS/YYOjnUZVK/ko1TWDMFdXQkksN6ZqY9gIQtahkxa/UHAhsUFg==
  dependencies:
    clamp "^1.0.1"
    create-react-context "0.2.2"
    hoist-non-react-statics "^2.2.0"
    path-to-regexp "^1.7.0"
    query-string "^6.1.0"
    react-lifecycles-compat "^3"
    react-native-safe-area-view "0.11.0"
    react-native-screens "^1.0.0-alpha.11"
    react-navigation-deprecated-tab-navigator "1.3.0"
    react-navigation-drawer "0.5.0"
    react-navigation-stack "0.7.0"
    react-navigation-tabs "0.8.4"

"safer-buffer@>= 2.1.2 < 3.0.0":
  version "2.1.2"
  resolved "https://registry.yarnpkg.com/safer-buffer/-/safer-buffer-2.1.2.tgz#44fa161b0187b9549dd84bb91802f9bd8385cd6a"
  integrity sha512-YZo3K82SD7Riyi0E1EQPojLz7kpepnSQI9IyPbHHg1XXXevb5dJI7tpyN2ADxGcQbHG7vcyRHk0cbwqcQriUtg==

setimmediate@^1.0.5:
  version "1.0.5"
  resolved "https://registry.yarnpkg.com/setimmediate/-/setimmediate-1.0.5.tgz#290cbb232e306942d7d7ea9b83732ab7856f8285"
  integrity sha1-KQy7Iy4waULX1+qbg3Mqt4VvgoU=

simple-swizzle@^0.2.2:
  version "0.2.2"
  resolved "https://registry.yarnpkg.com/simple-swizzle/-/simple-swizzle-0.2.2.tgz#a4da6b635ffcccca33f70d17cb92592de95e557a"
  integrity sha1-pNprY1/8zMoz9w0Xy5JZLeleVXo=
  dependencies:
    is-arrayish "^0.3.1"

split-on-first@^1.0.0:
  version "1.1.0"
  resolved "https://registry.yarnpkg.com/split-on-first/-/split-on-first-1.1.0.tgz#f610afeee3b12bce1d0c30425e76398b78249a5f"
  integrity sha512-43ZssAJaMusuKWL8sKUBQXHWOpq8d6CfN/u1p4gUzfJkM05C8rxTmYrkIPTXapZpORA6LkkzcUulJ8FqA7Uudw==

strict-uri-encode@^2.0.0:
  version "2.0.0"
  resolved "https://registry.yarnpkg.com/strict-uri-encode/-/strict-uri-encode-2.0.0.tgz#b9c7330c7042862f6b142dc274bbcc5866ce3546"
  integrity sha1-ucczDHBChi9rFC3CdLvMWGbONUY=

ua-parser-js@^0.7.18:
  version "0.7.28"
  resolved "https://registry.yarnpkg.com/ua-parser-js/-/ua-parser-js-0.7.28.tgz#8ba04e653f35ce210239c64661685bf9121dec31"
  integrity sha512-6Gurc1n//gjp9eQNXjD9O3M/sMwVtN5S8Lv9bvOYBfKfDNiIIhqiyi01vMBO45u4zkDE420w/e0se7Vs+sIg+g==

whatwg-fetch@>=0.10.0:
  version "3.6.2"
  resolved "https://registry.yarnpkg.com/whatwg-fetch/-/whatwg-fetch-3.6.2.tgz#dced24f37f2624ed0281725d51d0e2e3fe677f8c"
  integrity sha512-bJlen0FcuU/0EMLrdbJ7zOnW6ITZLrZMIarMUVmdKtsGvZna8vxKYaexICWPfZ8qwf9fzNq+UEIZrnSaApt6RA==
